
Microsoft Visual Studio Solution File, Format Version 12.00
# Visual Studio Version 17
VisualStudioVersion = 17.1.32421.90
MinimumVisualStudioVersion = 10.0.40219.1
Project("{FAE04EC0-301F-11D3-BF4B-00C04F79EFBC}") = "CalculadoraPechTayna_23AM", "CalculadoraPechTayna_23AM\CalculadoraPechTayna_23AM.csproj", "{5C979A9E-9763-4C30-AD1D-56F98B6F207C}"
EndProject
Global
	GlobalSection(SolutionConfigurationPlatforms) = preSolution
		Debug|Any CPU = Debug|Any CPU
		Release|Any CPU = Release|Any CPU
	EndGlobalSection
	GlobalSection(ProjectConfigurationPlatforms) = postSolution
		{5C979A9E-9763-4C30-AD1D-56F98B6F207C}.Debug|Any CPU.ActiveCfg = Debug|Any CPU
		{5C979A9E-9763-4C30-AD1D-56F98B6F207C}.Debug|Any CPU.Build.0 = Debug|Any CPU
		{5C979A9E-9763-4C30-AD1D-56F98B6F207C}.Release|Any CPU.ActiveCfg = Release|Any CPU
		{5C979A9E-9763-4C30-AD1D-56F98B6F207C}.Release|Any CPU.Build.0 = Release|Any CPU
	EndGlobalSection
	GlobalSection(SolutionProperties) = preSolution
		HideSolutionNode = FALSE
	EndGlobalSection
	GlobalSection(ExtensibilityGlobals) = postSolution
		SolutionGuid = {103A85F5-DCE8-44D9-B02C-D78F6BD38DAD}
	EndGlobalSection
EndGlobal
